<?xml version="1.0" encoding="utf-8"?>
<Project ToolsVersion="4.0" xmlns="http://schemas.microsoft.com/developer/msbuild/2003">
  <ItemGroup>
    <Filter Include="src">
      <UniqueIdentifier>{4FC737F1-C7A5-4376-A066-2A32D752A2FF}</UniqueIdentifier>
      <Extensions>cpp;c;cc;cxx;c++;cppm;ixx;def;odl;idl;hpj;bat;asm;asmx</Extensions>
    </Filter>
    <Filter Include="module">
      <UniqueIdentifier>{93995380-89BD-4b04-88EB-625FBE52EBFB}</UniqueIdentifier>
      <Extensions>h;hh;hpp;hxx;h++;hm;inl;inc;ipp;xsd</Extensions>
    </Filter>
  </ItemGroup>
  <ItemGroup>
    <ClCompile Include="src\main.cpp">
      <Filter>src</Filter>
    </ClCompile>
    <ClCompile Include="modules\olc\ImageLoader.ixx">
      <Filter>module</Filter>
    </ClCompile>
    <ClCompile Include="modules\olc\PGE.ixx">
      <Filter>module</Filter>
    </ClCompile>
    <ClCompile Include="modules\olc\PGEX.ixx">
      <Filter>module</Filter>
    </ClCompile>
    <ClCompile Include="modules\olc\Pixel.ixx">
      <Filter>module</Filter>
    </ClCompile>
    <ClCompile Include="modules\olc\Platform.ixx">
      <Filter>module</Filter>
    </ClCompile>
    <ClCompile Include="modules\olc\Renderable.ixx">
      <Filter>module</Filter>
    </ClCompile>
    <ClCompile Include="modules\olc\Renderer.ixx">
      <Filter>module</Filter>
    </ClCompile>
    <ClCompile Include="modules\olc\ResourcePack.ixx">
      <Filter>module</Filter>
    </ClCompile>
    <ClCompile Include="modules\olc\Sprite.ixx">
      <Filter>module</Filter>
    </ClCompile>
    <ClCompile Include="modules\olc\V2D.ixx">
      <Filter>module</Filter>
    </ClCompile>
    <ClCompile Include="modules\olc\xtra.ixx">
      <Filter>module</Filter>
    </ClCompile>
    <ClCompile Include="olc.ixx">
      <Filter>module</Filter>
    </ClCompile>
  </ItemGroup>
  <ItemGroup>
    <None Include="src\PGEX.cpp" />
  </ItemGroup>
</Project>